// !$*UTF8*$!
{
	archiveVersion = 1;
	classes = {
	};
	objectVersion = 46;
	objects = {

/* Begin PBXBuildFile section */
		D934231D1B0FD10700A5B03E /* AppDelegate.swift in Sources */ = {isa = PBXBuildFile; fileRef = D934231C1B0FD10700A5B03E /* AppDelegate.swift */; };
		D93423201B0FD10700A5B03E /* Slack_Bolt.xcdatamodeld in Sources */ = {isa = PBXBuildFile; fileRef = D934231E1B0FD10700A5B03E /* Slack_Bolt.xcdatamodeld */; };
		D93423221B0FD10700A5B03E /* ViewController.swift in Sources */ = {isa = PBXBuildFile; fileRef = D93423211B0FD10700A5B03E /* ViewController.swift */; };
		D93423251B0FD10700A5B03E /* Main.storyboard in Resources */ = {isa = PBXBuildFile; fileRef = D93423231B0FD10700A5B03E /* Main.storyboard */; };
		D93423271B0FD10700A5B03E /* Images.xcassets in Resources */ = {isa = PBXBuildFile; fileRef = D93423261B0FD10700A5B03E /* Images.xcassets */; };
		D934232A1B0FD10700A5B03E /* LaunchScreen.xib in Resources */ = {isa = PBXBuildFile; fileRef = D93423281B0FD10700A5B03E /* LaunchScreen.xib */; };
		D93423361B0FD10700A5B03E /* Slack_BoltTests.swift in Sources */ = {isa = PBXBuildFile; fileRef = D93423351B0FD10700A5B03E /* Slack_BoltTests.swift */; };
/* End PBXBuildFile section */

/* Begin PBXContainerItemProxy section */
		D93423301B0FD10700A5B03E /* PBXContainerItemProxy */ = {
			isa = PBXContainerItemProxy;
			containerPortal = D934230F1B0FD10700A5B03E /* Project object */;
			proxyType = 1;
			remoteGlobalIDString = D93423161B0FD10700A5B03E;
			remoteInfo = "Slack Bolt";
		};
/* End PBXContainerItemProxy section */

/* Begin PBXFileReference section */
		D93423171B0FD10700A5B03E /* Slack Bolt.app */ = {isa = PBXFileReference; explicitFileType = wrapper.application; includeInIndex = 0; path = "Slack Bolt.app"; sourceTree = BUILT_PRODUCTS_DIR; };
		D934231B1B0FD10700A5B03E /* Info.plist */ = {isa = PBXFileReference; lastKnownFileType = text.plist.xml; path = Info.plist; sourceTree = "<group>"; };
		D934231C1B0FD10700A5B03E /* AppDelegate.swift */ = {isa = PBXFileReference; lastKnownFileType = sourcecode.swift; path = AppDelegate.swift; sourceTree = "<group>"; };
		D934231F1B0FD10700A5B03E /* Slack_Bolt.xcdatamodel */ = {isa = PBXFileReference; lastKnownFileType = wrapper.xcdatamodel; path = Slack_Bolt.xcdatamodel; sourceTree = "<group>"; };
		D93423211B0FD10700A5B03E /* ViewController.swift */ = {isa = PBXFileReference; lastKnownFileType = sourcecode.swift; path = ViewController.swift; sourceTree = "<group>"; };
		D93423241B0FD10700A5B03E /* Base */ = {isa = PBXFileReference; lastKnownFileType = file.storyboard; name = Base; path = Base.lproj/Main.storyboard; sourceTree = "<group>"; };
		D93423261B0FD10700A5B03E /* Images.xcassets */ = {isa = PBXFileReference; lastKnownFileType = folder.assetcatalog; path = Images.xcassets; sourceTree = "<group>"; };
		D93423291B0FD10700A5B03E /* Base */ = {isa = PBXFileReference; lastKnownFileType = file.xib; name = Base; path = Base.lproj/LaunchScreen.xib; sourceTree = "<group>"; };
		D934232F1B0FD10700A5B03E /* Slack BoltTests.xctest */ = {isa = PBXFileReference; explicitFileType = wrapper.cfbundle; includeInIndex = 0; path = "Slack BoltTests.xctest"; sourceTree = BUILT_PRODUCTS_DIR; };
		D93423341B0FD10700A5B03E /* Info.plist */ = {isa = PBXFileReference; lastKnownFileType = text.plist.xml; path = Info.plist; sourceTree = "<group>"; };
		D93423351B0FD10700A5B03E /* Slack_BoltTests.swift */ = {isa = PBXFileReference; lastKnownFileType = sourcecode.swift; path = Slack_BoltTests.swift; sourceTree = "<group>"; };
/* End PBXFileReference section */

/* Begin PBXFrameworksBuildPhase section */
		D93423141B0FD10700A5B03E /* Frameworks */ = {
			isa = PBXFrameworksBuildPhase;
			buildActionMask = 2147483647;
			files = (
			);
			runOnlyForDeploymentPostprocessing = 0;
		};
		D934232C1B0FD10700A5B03E /* Frameworks */ = {
			isa = PBXFrameworksBuildPhase;
			buildActionMask = 2147483647;
			files = (
			);
			runOnlyForDeploymentPostprocessing = 0;
		};
/* End PBXFrameworksBuildPhase section */

/* Begin PBXGroup section */
		D934230E1B0FD10700A5B03E = {
			isa = PBXGroup;
			children = (
				D93423191B0FD10700A5B03E /* Slack Bolt */,
				D93423321B0FD10700A5B03E /* Slack BoltTests */,
				D93423181B0FD10700A5B03E /* Products */,
			);
			sourceTree = "<group>";
		};
		D93423181B0FD10700A5B03E /* Products */ = {
			isa = PBXGroup;
			children = (
				D93423171B0FD10700A5B03E /* Slack Bolt.app */,
				D934232F1B0FD10700A5B03E /* Slack BoltTests.xctest */,
			);
			name = Products;
			sourceTree = "<group>";
		};
		D93423191B0FD10700A5B03E /* Slack Bolt */ = {
			isa = PBXGroup;
			children = (
				D934231C1B0FD10700A5B03E /* AppDelegate.swift */,
				D93423211B0FD10700A5B03E /* ViewController.swift */,
				D93423231B0FD10700A5B03E /* Main.storyboard */,
				D93423261B0FD10700A5B03E /* Images.xcassets */,
				D93423281B0FD10700A5B03E /* LaunchScreen.xib */,
				D934231E1B0FD10700A5B03E /* Slack_Bolt.xcdatamodeld */,
				D934231A1B0FD10700A5B03E /* Supporting Files */,
			);
			path = "Slack Bolt";
			sourceTree = "<group>";
		};
		D934231A1B0FD10700A5B03E /* Supporting Files */ = {
			isa = PBXGroup;
			children = (
				D934231B1B0FD10700A5B03E /* Info.plist */,
			);
			name = "Supporting Files";
			sourceTree = "<group>";
		};
		D93423321B0FD10700A5B03E /* Slack BoltTests */ = {
			isa = PBXGroup;
			children = (
				D93423351B0FD10700A5B03E /* Slack_BoltTests.swift */,
				D93423331B0FD10700A5B03E /* Supporting Files */,
			);
			path = "Slack BoltTests";
			sourceTree = "<group>";
		};
		D93423331B0FD10700A5B03E /* Supporting Files */ = {
			isa = PBXGroup;
			children = (
				D93423341B0FD10700A5B03E /* Info.plist */,
			);
			name = "Supporting Files";
			sourceTree = "<group>";
		};
/* End PBXGroup section */

/* Begin PBXNativeTarget section */
		D93423161B0FD10700A5B03E /* Slack Bolt */ = {
			isa = PBXNativeTarget;
			buildConfigurationList = D93423391B0FD10700A5B03E /* Build configuration list for PBXNativeTarget "Slack Bolt" */;
			buildPhases = (
				D93423131B0FD10700A5B03E /* Sources */,
				D93423141B0FD10700A5B03E /* Frameworks */,
				D93423151B0FD10700A5B03E /* Resources */,
			);
			buildRules = (
			);
			dependencies = (
			);
			name = "Slack Bolt";
			productName = "Slack Bolt";
			productReference = D93423171B0FD10700A5B03E /* Slack Bolt.app */;
			productType = "com.apple.product-type.application";
		};
		D934232E1B0FD10700A5B03E /* Slack BoltTests */ = {
			isa = PBXNativeTarget;
			buildConfigurationList = D934233C1B0FD10700A5B03E /* Build configuration list for PBXNativeTarget "Slack BoltTests" */;
			buildPhases = (
				D934232B1B0FD10700A5B03E /* Sources */,
				D934232C1B0FD10700A5B03E /* Frameworks */,
				D934232D1B0FD10700A5B03E /* Resources */,
			);
			buildRules = (
			);
			dependencies = (
				D93423311B0FD10700A5B03E /* PBXTargetDependency */,
			);
			name = "Slack BoltTests";
			productName = "Slack BoltTests";
			productReference = D934232F1B0FD10700A5B03E /* Slack BoltTests.xctest */;
			productType = "com.apple.product-type.bundle.unit-test";
		};
/* End PBXNativeTarget section */

/* Begin PBXProject section */
		D934230F1B0FD10700A5B03E /* Project object */ = {
			isa = PBXProject;
			attributes = {
				LastUpgradeCheck = 0630;
				ORGANIZATIONNAME = "Diogo Amaral";
				TargetAttributes = {
					D93423161B0FD10700A5B03E = {
						CreatedOnToolsVersion = 6.3.2;
					};
					D934232E1B0FD10700A5B03E = {
						CreatedOnToolsVersion = 6.3.2;
						TestTargetID = D93423161B0FD10700A5B03E;
					};
				};
			};
			buildConfigurationList = D93423121B0FD10700A5B03E /* Build configuration list for PBXProject "Slack Bolt" */;
			compatibilityVersion = "Xcode 3.2";
			developmentRegion = English;
			hasScannedForEncodings = 0;
			knownRegions = (
				en,
				Base,
			);
			mainGroup = D934230E1B0FD10700A5B03E;
			productRefGroup = D93423181B0FD10700A5B03E /* Products */;
			projectDirPath = "";
			projectRoot = "";
			targets = (
				D93423161B0FD10700A5B03E /* Slack Bolt */,
				D934232E1B0FD10700A5B03E /* Slack BoltTests */,
			);
		};
/* End PBXProject section */

/* Begin PBXResourcesBuildPhase section */
		D93423151B0FD10700A5B03E /* Resources */ = {
			isa = PBXResourcesBuildPhase;
			buildActionMask = 2147483647;
			files = (
				D93423251B0FD10700A5B03E /* Main.storyboard in Resources */,
				D934232A1B0FD10700A5B03E /* LaunchScreen.xib in Resources */,
				D93423271B0FD10700A5B03E /* Images.xcassets in Resources */,
			);
			runOnlyForDeploymentPostprocessing = 0;
		};
		D934232D1B0FD10700A5B03E /* Resources */ = {
			isa = PBXResourcesBuildPhase;
			buildActionMask = 2147483647;
			files = (
			);
			runOnlyForDeploymentPostprocessing = 0;
		};
/* End PBXResourcesBuildPhase section */

/* Begin PBXSourcesBuildPhase section */
		D93423131B0FD10700A5B03E /* Sources */ = {
			isa = PBXSourcesBuildPhase;
			buildActionMask = 2147483647;
			files = (
				D93423221B0FD10700A5B03E /* ViewController.swift in Sources */,
				D934231D1B0FD10700A5B03E /* AppDelegate.swift in Sources */,
				D93423201B0FD10700A5B03E /* Slack_Bolt.xcdatamodeld in Sources */,
			);
			runOnlyForDeploymentPostprocessing = 0;
		};
		D934232B1B0FD10700A5B03E /* Sources */ = {
			isa = PBXSourcesBuildPhase;
			buildActionMask = 2147483647;
			files = (
				D93423361B0FD10700A5B03E /* Slack_BoltTests.swift in Sources */,
			);
			runOnlyForDeploymentPostprocessing = 0;
		};
/* End PBXSourcesBuildPhase section */

/* Begin PBXTargetDependency section */
		D93423311B0FD10700A5B03E /* PBXTargetDependency */ = {
			isa = PBXTargetDependency;
			target = D93423161B0FD10700A5B03E /* Slack Bolt */;
			targetProxy = D93423301B0FD10700A5B03E /* PBXContainerItemProxy */;
		};
/* End PBXTargetDependency section */

/* Begin PBXVariantGroup section */
		D93423231B0FD10700A5B03E /* Main.storyboard */ = {
			isa = PBXVariantGroup;
			children = (
				D93423241B0FD10700A5B03E /* Base */,
			);
			name = Main.storyboard;
			sourceTree = "<group>";
		};
		D93423281B0FD10700A5B03E /* LaunchScreen.xib */ = {
			isa = PBXVariantGroup;
			children = (
				D93423291B0FD10700A5B03E /* Base */,
			);
			name = LaunchScreen.xib;
			sourceTree = "<group>";
		};
/* End PBXVariantGroup section */

/* Begin XCBuildConfiguration section */
		D93423371B0FD10700A5B03E /* Debug */ = {
			isa = XCBuildConfiguration;
			buildSettings = {
				ALWAYS_SEARCH_USER_PATHS = NO;
				CLANG_CXX_LANGUAGE_STANDARD = "gnu++0x";
				CLANG_CXX_LIBRARY = "libc++";
				CLANG_ENABLE_MODULES = YES;
				CLANG_ENABLE_OBJC_ARC = YES;
				CLANG_WARN_BOOL_CONVERSION = YES;
				CLANG_WARN_CONSTANT_CONVERSION = YES;
				CLANG_WARN_DIRECT_OBJC_ISA_USAGE = YES_ERROR;
				CLANG_WARN_EMPTY_BODY = YES;
				CLANG_WARN_ENUM_CONVERSION = YES;
				CLANG_WARN_INT_CONVERSION = YES;
				CLANG_WARN_OBJC_ROOT_CLASS = YES_ERROR;
				CLANG_WARN_UNREACHABLE_CODE = YES;
				CLANG_WARN__DUPLICATE_METHOD_MATCH = YES;
				"CODE_SIGN_IDENTITY[sdk=iphoneos*]" = "iPhone Developer";
				COPY_PHASE_STRIP = NO;
				DEBUG_INFORMATION_FORMAT = "dwarf-with-dsym";
				ENABLE_STRICT_OBJC_MSGSEND = YES;
				GCC_C_LANGUAGE_STANDARD = gnu99;
				GCC_DYNAMIC_NO_PIC = NO;
				GCC_NO_COMMON_BLOCKS = YES;
				GCC_OPTIMIZATION_LEVEL = 0;
				GCC_PREPROCESSOR_DEFINITIONS = (
					"DEBUG=1",
					"$(inherited)",
				);
				GCC_SYMBOLS_PRIVATE_EXTERN = NO;
				GCC_WARN_64_TO_32_BIT_CONVERSION = YES;
				GCC_WARN_ABOUT_RETURN_TYPE = YES_ERROR;
				GCC_WARN_UNDECLARED_SELECTOR = YES;
				GCC_WARN_UNINITIALIZED_AUTOS = YES_AGGRESSIVE;
				GCC_WARN_UNUSED_FUNCTION = YES;
				GCC_WARN_UNUSED_VARIABLE = YES;
				IPHONEOS_DEPLOYMENT_TARGET = 8.3;
				MTL_ENABLE_DEBUG_INFO = YES;
				ONLY_ACTIVE_ARCH = YES;
				SDKROOT = iphoneos;
				SWIFT_OPTIMIZATION_LEVEL = "-Onone";
			};
			name = Debug;
		};
		D93423381B0FD10700A5B03E /* Release */ = {
			isa = XCBuildConfiguration;
			buildSettings = {
				ALWAYS_SEARCH_USER_PATHS = NO;
				CLANG_CXX_LANGUAGE_STANDARD = "gnu++0x";
				CLANG_CXX_LIBRARY = "libc++";
				CLANG_ENABLE_MODULES = YES;
				CLANG_ENABLE_OBJC_ARC = YES;
				CLANG_WARN_BOOL_CONVERSION = YES;
				CLANG_WARN_CONSTANT_CONVERSION = YES;
				CLANG_WARN_DIRECT_OBJC_ISA_USAGE = YES_ERROR;
				CLANG_WARN_EMPTY_BODY = YES;
				CLANG_WARN_ENUM_CONVERSION = YES;
				CLANG_WARN_INT_CONVERSION = YES;
				CLANG_WARN_OBJC_ROOT_CLASS = YES_ERROR;
				CLANG_WARN_UNREACHABLE_CODE = YES;
				CLANG_WARN__DUPLICATE_METHOD_MATCH = YES;
				"CODE_SIGN_IDENTITY[sdk=iphoneos*]" = "iPhone Developer";
				COPY_PHASE_STRIP = NO;
				DEBUG_INFORMATION_FORMAT = "dwarf-with-dsym";
				ENABLE_NS_ASSERTIONS = NO;
				ENABLE_STRICT_OBJC_MSGSEND = YES;
				GCC_C_LANGUAGE_STANDARD = gnu99;
				GCC_NO_COMMON_BLOCKS = YES;
				GCC_WARN_64_TO_32_BIT_CONVERSION = YES;
				GCC_WARN_ABOUT_RETURN_TYPE = YES_ERROR;
				GCC_WARN_UNDECLARED_SELECTOR = YES;
				GCC_WARN_UNINITIALIZED_AUTOS = YES_AGGRESSIVE;
				GCC_WARN_UNUSED_FUNCTION = YES;
				GCC_WARN_UNUSED_VARIABLE = YES;
				IPHONEOS_DEPLOYMENT_TARGET = 8.3;
				MTL_ENABLE_DEBUG_INFO = NO;
				SDKROOT = iphoneos;
				VALIDATE_PRODUCT = YES;
			};
			name = Release;
		};
		D934233A1B0FD10700A5B03E /* Debug */ = {
			isa = XCBuildConfiguration;
			buildSettings = {
				ASSETCATALOG_COMPILER_APPICON_NAME = AppIcon;
				INFOPLIST_FILE = "Slack Bolt/Info.plist";
				LD_RUNPATH_SEARCH_PATHS = "$(inherited) @executable_path/Frameworks";
				PRODUCT_NAME = "$(TARGET_NAME)";
			};
			name = Debug;
		};
		D934233B1B0FD10700A5B03E /* Release */ = {
			isa = XCBuildConfiguration;
			buildSettings = {
				ASSETCATALOG_COMPILER_APPICON_NAME = AppIcon;
				INFOPLIST_FILE = "Slack Bolt/Info.plist";
				LD_RUNPATH_SEARCH_PATHS = "$(inherited) @executable_path/Frameworks";
				PRODUCT_NAME = "$(TARGET_NAME)";
			};
			name = Release;
		};
		D934233D1B0FD10700A5B03E /* Debug */ = {
			isa = XCBuildConfiguration;
			buildSettings = {
				BUNDLE_LOADER = "$(TEST_HOST)";
				FRAMEWORK_SEARCH_PATHS = (
					"$(SDKROOT)/Developer/Library/Frameworks",
					"$(inherited)",
				);
				GCC_PREPROCESSOR_DEFINITIONS = (
					"DEBUG=1",
					"$(inherited)",
				);
				INFOPLIST_FILE = "Slack BoltTests/Info.plist";
				LD_RUNPATH_SEARCH_PATHS = "$(inherited) @executable_path/Frameworks @loader_path/Frameworks";
				PRODUCT_NAME = "$(TARGET_NAME)";
				TEST_HOST = "$(BUILT_PRODUCTS_DIR)/Slack Bolt.app/Slack Bolt";
			};
			name = Debug;
		};
		D934233E1B0FD10700A5B03E /* Release */ = {
			isa = XCBuildConfiguration;
			buildSettings = {
				BUNDLE_LOADER = "$(TEST_HOST)";
				FRAMEWORK_SEARCH_PATHS = (
					"$(SDKROOT)/Developer/Library/Frameworks",
					"$(inherited)",
				);
				INFOPLIST_FILE = "Slack BoltTests/Info.plist";
				LD_RUNPATH_SEARCH_PATHS = "$(inherited) @executable_path/Frameworks @loader_path/Frameworks";
				PRODUCT_NAME = "$(TARGET_NAME)";
				TEST_HOST = "$(BUILT_PRODUCTS_DIR)/Slack Bolt.app/Slack Bolt";
			};
			name = Release;
		};
/* End XCBuildConfiguration section */

/* Begin XCConfigurationList section */
		D93423121B0FD10700A5B03E /* Build configuration list for PBXProject "Slack Bolt" */ = {
			isa = XCConfigurationList;
			buildConfigurations = (
				D93423371B0FD10700A5B03E /* Debug */,
				D93423381B0FD10700A5B03E /* Release */,
			);
			defaultConfigurationIsVisible = 0;
			defaultConfigurationName = Release;
		};
		D93423391B0FD10700A5B03E /* Build configuration list for PBXNativeTarget "Slack Bolt" */ = {
			isa = XCConfigurationList;
			buildConfigurations = (
				D934233A1B0FD10700A5B03E /* Debug */,
				D934233B1B0FD10700A5B03E /* Release */,
			);
			defaultConfigurationIsVisible = 0;
		};
		D934233C1B0FD10700A5B03E /* Build configuration list for PBXNativeTarget "Slack BoltTests" */ = {
			isa = XCConfigurationList;
			buildConfigurations = (
				D934233D1B0FD10700A5B03E /* Debug */,
				D934233E1B0FD10700A5B03E /* Release */,
			);
			defaultConfigurationIsVisible = 0;
		};
/* End XCConfigurationList section */

/* Begin XCVersionGroup section */
		D934231E1B0FD10700A5B03E /* Slack_Bolt.xcdatamodeld */ = {
			isa = XCVersionGroup;
			children = (
				D934231F1B0FD10700A5B03E /* Slack_Bolt.xcdatamodel */,
			);
			currentVersion = D934231F1B0FD10700A5B03E /* Slack_Bolt.xcdatamodel */;
			path = Slack_Bolt.xcdatamodeld;
			sourceTree = "<group>";
			versionGroupType = wrapper.xcdatamodel;
		};
/* End XCVersionGroup section */
	};
	rootObject = D934230F1B0FD10700A5B03E /* Project object */;
}
